// !$*UTF8*$!
{
	archiveVersion = 1;
	classes = {
	};
	objectVersion = 50;
	objects = {

/* Begin PBXBuildFile section */
		C10E3E4021D40C460012C0DE /* User.swift in Sources */ = {isa = PBXBuildFile; fileRef = C10E3E3F21D40C460012C0DE /* User.swift */; };
		C10E3E4221D40CBA0012C0DE /* GeneralHelper.swift in Sources */ = {isa = PBXBuildFile; fileRef = C10E3E4121D40CBA0012C0DE /* GeneralHelper.swift */; };
		C10E3E4421D41C400012C0DE /* GetAllUsersWorker.swift in Sources */ = {isa = PBXBuildFile; fileRef = C10E3E4321D41C400012C0DE /* GetAllUsersWorker.swift */; };
		C120CD1621CB3D230080EC15 /* AppDelegate.swift in Sources */ = {isa = PBXBuildFile; fileRef = C120CD1521CB3D230080EC15 /* AppDelegate.swift */; };
		C120CD1D21CB3D240080EC15 /* Assets.xcassets in Resources */ = {isa = PBXBuildFile; fileRef = C120CD1C21CB3D240080EC15 /* Assets.xcassets */; };
		C120CD2021CB3D240080EC15 /* LaunchScreen.storyboard in Resources */ = {isa = PBXBuildFile; fileRef = C120CD1E21CB3D240080EC15 /* LaunchScreen.storyboard */; };
		C120CD4321CB80FB0080EC15 /* UIButtonExtension.swift in Sources */ = {isa = PBXBuildFile; fileRef = C120CD2A21CB80FB0080EC15 /* UIButtonExtension.swift */; };
		C120CD4421CB80FB0080EC15 /* knGridView.swift in Sources */ = {isa = PBXBuildFile; fileRef = C120CD2B21CB80FB0080EC15 /* knGridView.swift */; };
		C120CD4521CB80FB0080EC15 /* UIColorExtension.swift in Sources */ = {isa = PBXBuildFile; fileRef = C120CD2C21CB80FB0080EC15 /* UIColorExtension.swift */; };
		C120CD4621CB80FB0080EC15 /* UISearchBarExtension.swift in Sources */ = {isa = PBXBuildFile; fileRef = C120CD2D21CB80FB0080EC15 /* UISearchBarExtension.swift */; };
		C120CD4721CB80FB0080EC15 /* General.swift in Sources */ = {isa = PBXBuildFile; fileRef = C120CD2E21CB80FB0080EC15 /* General.swift */; };
		C120CD4821CB80FB0080EC15 /* UITextFieldExtension.swift in Sources */ = {isa = PBXBuildFile; fileRef = C120CD2F21CB80FB0080EC15 /* UITextFieldExtension.swift */; };
		C120CD4921CB80FB0080EC15 /* UIApplicationExtension.swift in Sources */ = {isa = PBXBuildFile; fileRef = C120CD3021CB80FB0080EC15 /* UIApplicationExtension.swift */; };
		C120CD4A21CB80FB0080EC15 /* IntExtension.swift in Sources */ = {isa = PBXBuildFile; fileRef = C120CD3121CB80FB0080EC15 /* IntExtension.swift */; };
		C120CD4B21CB80FB0080EC15 /* StartPoint.swift in Sources */ = {isa = PBXBuildFile; fileRef = C120CD3221CB80FB0080EC15 /* StartPoint.swift */; };
		C120CD4C21CB80FB0080EC15 /* UIViewControllerExtension.swift in Sources */ = {isa = PBXBuildFile; fileRef = C120CD3321CB80FB0080EC15 /* UIViewControllerExtension.swift */; };
		C120CD4D21CB80FB0080EC15 /* AppSetting.swift in Sources */ = {isa = PBXBuildFile; fileRef = C120CD3421CB80FB0080EC15 /* AppSetting.swift */; };
		C120CD4E21CB80FB0080EC15 /* knView.swift in Sources */ = {isa = PBXBuildFile; fileRef = C120CD3521CB80FB0080EC15 /* knView.swift */; };
		C120CD4F21CB80FB0080EC15 /* UIViewExtension.swift in Sources */ = {isa = PBXBuildFile; fileRef = C120CD3621CB80FB0080EC15 /* UIViewExtension.swift */; };
		C120CD5021CB80FB0080EC15 /* knController.swift in Sources */ = {isa = PBXBuildFile; fileRef = C120CD3721CB80FB0080EC15 /* knController.swift */; };
		C120CD5121CB80FB0080EC15 /* OtherExtensions.swift in Sources */ = {isa = PBXBuildFile; fileRef = C120CD3821CB80FB0080EC15 /* OtherExtensions.swift */; };
		C120CD5221CB80FB0080EC15 /* knUIMaker.swift in Sources */ = {isa = PBXBuildFile; fileRef = C120CD3921CB80FB0080EC15 /* knUIMaker.swift */; };
		C120CD5321CB80FB0080EC15 /* knListView.swift in Sources */ = {isa = PBXBuildFile; fileRef = C120CD3A21CB80FB0080EC15 /* knListView.swift */; };
		C120CD5421CB80FB0080EC15 /* NavigationExtension.swift in Sources */ = {isa = PBXBuildFile; fileRef = C120CD3B21CB80FB0080EC15 /* NavigationExtension.swift */; };
		C120CD5521CB80FB0080EC15 /* UIFontExtension.swift in Sources */ = {isa = PBXBuildFile; fileRef = C120CD3C21CB80FB0080EC15 /* UIFontExtension.swift */; };
		C120CD5621CB80FB0080EC15 /* StringExtension.swift in Sources */ = {isa = PBXBuildFile; fileRef = C120CD3D21CB80FB0080EC15 /* StringExtension.swift */; };
		C120CD5721CB80FB0080EC15 /* DeviceType.swift in Sources */ = {isa = PBXBuildFile; fileRef = C120CD3E21CB80FB0080EC15 /* DeviceType.swift */; };
		C120CD5821CB80FB0080EC15 /* ServiceConnector.swift in Sources */ = {isa = PBXBuildFile; fileRef = C120CD3F21CB80FB0080EC15 /* ServiceConnector.swift */; };
		C120CD5921CB80FB0080EC15 /* knConstraints.swift in Sources */ = {isa = PBXBuildFile; fileRef = C120CD4021CB80FB0080EC15 /* knConstraints.swift */; };
		C120CD5A21CB80FB0080EC15 /* UIImageExtension.swift in Sources */ = {isa = PBXBuildFile; fileRef = C120CD4121CB80FB0080EC15 /* UIImageExtension.swift */; };
		C120CD5B21CB80FB0080EC15 /* DateExtension.swift in Sources */ = {isa = PBXBuildFile; fileRef = C120CD4221CB80FB0080EC15 /* DateExtension.swift */; };
		C120CD7721CB83F30080EC15 /* Login.swift in Sources */ = {isa = PBXBuildFile; fileRef = C120CD7321CB83F30080EC15 /* Login.swift */; };
		C120CD7821CB83F30080EC15 /* Login.UI.swift in Sources */ = {isa = PBXBuildFile; fileRef = C120CD7421CB83F30080EC15 /* Login.UI.swift */; };
		C120CD7921CB83F30080EC15 /* Login.Interactor.swift in Sources */ = {isa = PBXBuildFile; fileRef = C120CD7521CB83F30080EC15 /* Login.Interactor.swift */; };
		C120CD7A21CB83F30080EC15 /* LoginWorker.swift in Sources */ = {isa = PBXBuildFile; fileRef = C120CD7621CB83F30080EC15 /* LoginWorker.swift */; };
		C120CD7C21CB84990080EC15 /* Colors.swift in Sources */ = {isa = PBXBuildFile; fileRef = C120CD7B21CB84990080EC15 /* Colors.swift */; };
		C120CD8321CB87200080EC15 /* CTMessage.swift in Sources */ = {isa = PBXBuildFile; fileRef = C120CD8221CB87200080EC15 /* CTMessage.swift */; };
		C120CD8C21CB874A0080EC15 /* WhisperFactory.swift in Sources */ = {isa = PBXBuildFile; fileRef = C120CD8521CB874A0080EC15 /* WhisperFactory.swift */; };
		C120CD8D21CB874A0080EC15 /* WhisperView.swift in Sources */ = {isa = PBXBuildFile; fileRef = C120CD8621CB874A0080EC15 /* WhisperView.swift */; };
		C120CD8E21CB874A0080EC15 /* Message.swift in Sources */ = {isa = PBXBuildFile; fileRef = C120CD8721CB874A0080EC15 /* Message.swift */; };
		C120CD8F21CB874A0080EC15 /* Showing.swift in Sources */ = {isa = PBXBuildFile; fileRef = C120CD8821CB874A0080EC15 /* Showing.swift */; };
		C120CD9021CB874A0080EC15 /* Config.swift in Sources */ = {isa = PBXBuildFile; fileRef = C120CD8921CB874A0080EC15 /* Config.swift */; };
		C120CD9121CB874A0080EC15 /* WhistleFactory.swift in Sources */ = {isa = PBXBuildFile; fileRef = C120CD8A21CB874A0080EC15 /* WhistleFactory.swift */; };
		C120CD9221CB874A0080EC15 /* ShoutFactory.swift in Sources */ = {isa = PBXBuildFile; fileRef = C120CD8B21CB874A0080EC15 /* ShoutFactory.swift */; };
		C120CD9321CB8A8D0080EC15 /* Muli-Bold.ttf in Resources */ = {isa = PBXBuildFile; fileRef = C120CD8021CB85A80080EC15 /* Muli-Bold.ttf */; };
		C120CD9421CB8A8D0080EC15 /* Muli-Regular.ttf in Resources */ = {isa = PBXBuildFile; fileRef = C120CD7E21CB85A80080EC15 /* Muli-Regular.ttf */; };
		C120CD9521CB8A8D0080EC15 /* Muli-SemiBold.ttf in Resources */ = {isa = PBXBuildFile; fileRef = C120CD7F21CB85A80080EC15 /* Muli-SemiBold.ttf */; };
		C120CD9721CB8E8A0080EC15 /* GoogleService-Info.plist in Resources */ = {isa = PBXBuildFile; fileRef = C120CD9621CB8E8A0080EC15 /* GoogleService-Info.plist */; };
		C1458F7221D34E13000F63D5 /* LogoutWorker.swift in Sources */ = {isa = PBXBuildFile; fileRef = C1458F7121D34E13000F63D5 /* LogoutWorker.swift */; };
		C1458F7621D37CF0000F63D5 /* GetMyProfileWorker.swift in Sources */ = {isa = PBXBuildFile; fileRef = C1458F7521D37CF0000F63D5 /* GetMyProfileWorker.swift */; };
		C1458F7821D37E50000F63D5 /* Calories.swift in Sources */ = {isa = PBXBuildFile; fileRef = C1458F7721D37E50000F63D5 /* Calories.swift */; };
		C1458F7A21D37FBD000F63D5 /* UpdateCaloriesWorker.swift in Sources */ = {isa = PBXBuildFile; fileRef = C1458F7921D37FBD000F63D5 /* UpdateCaloriesWorker.swift */; };
		C1458F7C21D38211000F63D5 /* GetCaloriesWorker.swift in Sources */ = {isa = PBXBuildFile; fileRef = C1458F7B21D38211000F63D5 /* GetCaloriesWorker.swift */; };
		C1458F7E21D387BD000F63D5 /* SetUserRoleWorker.swift in Sources */ = {isa = PBXBuildFile; fileRef = C1458F7D21D387BD000F63D5 /* SetUserRoleWorker.swift */; };
		C193046E21CB913D00315ED3 /* RegisterWorker.swift in Sources */ = {isa = PBXBuildFile; fileRef = C193046A21CB913D00315ED3 /* RegisterWorker.swift */; };
		C193046F21CB913D00315ED3 /* Register.UI.swift in Sources */ = {isa = PBXBuildFile; fileRef = C193046B21CB913D00315ED3 /* Register.UI.swift */; };
		C193047021CB913D00315ED3 /* Register.swift in Sources */ = {isa = PBXBuildFile; fileRef = C193046C21CB913D00315ED3 /* Register.swift */; };
		C193047121CB913D00315ED3 /* Register.Interactor.swift in Sources */ = {isa = PBXBuildFile; fileRef = C193046D21CB913D00315ED3 /* Register.Interactor.swift */; };
		C193047321CB91D500315ED3 /* PasswordValidation.swift in Sources */ = {isa = PBXBuildFile; fileRef = C193047221CB91D500315ED3 /* PasswordValidation.swift */; };
		C193047521CB927500315ED3 /* TermLabel.swift in Sources */ = {isa = PBXBuildFile; fileRef = C193047421CB927500315ED3 /* TermLabel.swift */; };
		C193047721CB95E500315ED3 /* DataBucket.swift in Sources */ = {isa = PBXBuildFile; fileRef = C193047621CB95E500315ED3 /* DataBucket.swift */; };
		C193047A21CB9B2F00315ED3 /* Boss.swift in Sources */ = {isa = PBXBuildFile; fileRef = C193047921CB9B2F00315ED3 /* Boss.swift */; };
		C193047D21CC226800315ED3 /* Meals.swift in Sources */ = {isa = PBXBuildFile; fileRef = C193047C21CC226800315ED3 /* Meals.swift */; };
		C193048321CC246B00315ED3 /* FAPaginationLayout.swift in Sources */ = {isa = PBXBuildFile; fileRef = C193048221CC246B00315ED3 /* FAPaginationLayout.swift */; };
		C193048521CC3ECE00315ED3 /* Meal.swift in Sources */ = {isa = PBXBuildFile; fileRef = C193048421CC3ECE00315ED3 /* Meal.swift */; };
		C193048721CC3EF100315ED3 /* Meals.UI.swift in Sources */ = {isa = PBXBuildFile; fileRef = C193048621CC3EF100315ED3 /* Meals.UI.swift */; };
		C193048B21CCD4B100315ED3 /* MealCell.swift in Sources */ = {isa = PBXBuildFile; fileRef = C193048A21CCD4B100315ED3 /* MealCell.swift */; };
		C193048E21CCE86C00315ED3 /* AddMeal.swift in Sources */ = {isa = PBXBuildFile; fileRef = C193048D21CCE86C00315ED3 /* AddMeal.swift */; };
		C193049021CCEC5700315ED3 /* FoodCell.swift in Sources */ = {isa = PBXBuildFile; fileRef = C193048F21CCEC5700315ED3 /* FoodCell.swift */; };
		C19304C521CE1DEE00315ED3 /* MealOptionView.swift in Sources */ = {isa = PBXBuildFile; fileRef = C19304C421CE1DEE00315ED3 /* MealOptionView.swift */; };
		C19304CA21CE23BF00315ED3 /* ShowTimePicker.swift in Sources */ = {isa = PBXBuildFile; fileRef = C19304C821CE23BF00315ED3 /* ShowTimePicker.swift */; };
		C19304CB21CE23BF00315ED3 /* DateView.swift in Sources */ = {isa = PBXBuildFile; fileRef = C19304C921CE23BF00315ED3 /* DateView.swift */; };
		C19304D321CECE8700315ED3 /* KMPlaceholderTextView.swift in Sources */ = {isa = PBXBuildFile; fileRef = C19304D221CECE8700315ED3 /* KMPlaceholderTextView.swift */; };
		C19304D621CED9CD00315ED3 /* FoodDetail.swift in Sources */ = {isa = PBXBuildFile; fileRef = C19304D521CED9CD00315ED3 /* FoodDetail.swift */; };
		C19304D821CED9E700315ED3 /* FoodDetail.UI.swift in Sources */ = {isa = PBXBuildFile; fileRef = C19304D721CED9E700315ED3 /* FoodDetail.UI.swift */; };
		C19304DB21CF4C3B00315ED3 /* MealDetail.swift in Sources */ = {isa = PBXBuildFile; fileRef = C19304DA21CF4C3B00315ED3 /* MealDetail.swift */; };
		C19304DD21CF4C7000315ED3 /* MealDetail.UI.swift in Sources */ = {isa = PBXBuildFile; fileRef = C19304DC21CF4C7000315ED3 /* MealDetail.UI.swift */; };
		C19304DF21CF501D00315ED3 /* AteFoodCell.swift in Sources */ = {isa = PBXBuildFile; fileRef = C19304DE21CF501D00315ED3 /* AteFoodCell.swift */; };
		C19304E121CF54CF00315ED3 /* Enums.swift in Sources */ = {isa = PBXBuildFile; fileRef = C19304E021CF54CF00315ED3 /* Enums.swift */; };
		C19304E321D02D2900315ED3 /* UserList.swift in Sources */ = {isa = PBXBuildFile; fileRef = C19304E221D02D2900315ED3 /* UserList.swift */; };
		C19304E621D02D5800315ED3 /* UserCell.swift in Sources */ = {isa = PBXBuildFile; fileRef = C19304E521D02D5800315ED3 /* UserCell.swift */; };
		C19304E921D0321D00315ED3 /* UserProfile.swift in Sources */ = {isa = PBXBuildFile; fileRef = C19304E821D0321D00315ED3 /* UserProfile.swift */; };
		C19304EB21D0326A00315ED3 /* UserProfile.UI.swift in Sources */ = {isa = PBXBuildFile; fileRef = C19304EA21D0326A00315ED3 /* UserProfile.UI.swift */; };
		C19304EF21D093BA00315ED3 /* GetFoodsWorker.swift in Sources */ = {isa = PBXBuildFile; fileRef = C19304EE21D093BA00315ED3 /* GetFoodsWorker.swift */; };
		C19304F121D0988C00315ED3 /* AddMeal.Interactor.swift in Sources */ = {isa = PBXBuildFile; fileRef = C19304F021D0988C00315ED3 /* AddMeal.Interactor.swift */; };
		C19304F321D0ABE700315ED3 /* StateView.swift in Sources */ = {isa = PBXBuildFile; fileRef = C19304F221D0ABE700315ED3 /* StateView.swift */; };
		C19304F521D0AD0C00315ED3 /* loading.gif in Resources */ = {isa = PBXBuildFile; fileRef = C19304F421D0AD0C00315ED3 /* loading.gif */; };
		C19304F821D0ADDD00315ED3 /* UIImage+Gif.swift in Sources */ = {isa = PBXBuildFile; fileRef = C19304F721D0ADDD00315ED3 /* UIImage+Gif.swift */; };
		C19304FC21D17AA300315ED3 /* AddMealWorker.swift in Sources */ = {isa = PBXBuildFile; fileRef = C19304FB21D17AA300315ED3 /* AddMealWorker.swift */; };
		C19304FE21D20FE000315ED3 /* MealOptionView.UI.swift in Sources */ = {isa = PBXBuildFile; fileRef = C19304FD21D20FE000315ED3 /* MealOptionView.UI.swift */; };
		C193050021D2253400315ED3 /* BarButtonBadge.swift in Sources */ = {isa = PBXBuildFile; fileRef = C19304FF21D2253400315ED3 /* BarButtonBadge.swift */; };
		C193050221D2304B00315ED3 /* Checkout.swift in Sources */ = {isa = PBXBuildFile; fileRef = C193050121D2304B00315ED3 /* Checkout.swift */; };
		C193050521D23FF900315ED3 /* Setting.swift in Sources */ = {isa = PBXBuildFile; fileRef = C193050421D23FF900315ED3 /* Setting.swift */; };
		C193050721D2407C00315ED3 /* Setting.UI.swift in Sources */ = {isa = PBXBuildFile; fileRef = C193050621D2407C00315ED3 /* Setting.UI.swift */; };
		C193050921D2CA5D00315ED3 /* GetPreviousMealsWorker.swift in Sources */ = {isa = PBXBuildFile; fileRef = C193050821D2CA5D00315ED3 /* GetPreviousMealsWorker.swift */; };
		C193050B21D2CD2600315ED3 /* Meals.Interactor.swift in Sources */ = {isa = PBXBuildFile; fileRef = C193050A21D2CD2600315ED3 /* Meals.Interactor.swift */; };
		C193050D21D2D00200315ED3 /* GetFoodDetailWorker.swift in Sources */ = {isa = PBXBuildFile; fileRef = C193050C21D2D00200315ED3 /* GetFoodDetailWorker.swift */; };
		C193050F21D2D69500315ED3 /* GetUpcomingMealsWorker.swift in Sources */ = {isa = PBXBuildFile; fileRef = C193050E21D2D69500315ED3 /* GetUpcomingMealsWorker.swift */; };
		C193051121D3171000315ED3 /* UpcomingMealsView.swift in Sources */ = {isa = PBXBuildFile; fileRef = C193051021D3171000315ED3 /* UpcomingMealsView.swift */; };
		C193051321D31E3B00315ED3 /* CaloriesChecker.swift in Sources */ = {isa = PBXBuildFile; fileRef = C193051221D31E3B00315ED3 /* CaloriesChecker.swift */; };
		C193051621D3397100315ED3 /* EditMeal.swift in Sources */ = {isa = PBXBuildFile; fileRef = C193051521D3397100315ED3 /* EditMeal.swift */; };
		C193051821D33E5900315ED3 /* CheckoutEdit.swift in Sources */ = {isa = PBXBuildFile; fileRef = C193051721D33E5900315ED3 /* CheckoutEdit.swift */; };
		C193051A21D33EDC00315ED3 /* UpdateMealWorker.swift in Sources */ = {isa = PBXBuildFile; fileRef = C193051921D33EDC00315ED3 /* UpdateMealWorker.swift */; };
		C2F0A07394AADE51D770740B /* Pods_CaloriesTracker.framework in Frameworks */ = {isa = PBXBuildFile; fileRef = B86763ED8DC2891F52136858 /* Pods_CaloriesTracker.framework */; };
/* End PBXBuildFile section */

/* Begin PBXFileReference section */
		7FE98514BB423E26AFA8FB5A /* Pods-CaloriesTracker.release.xcconfig */ = {isa = PBXFileReference; includeInIndex = 1; lastKnownFileType = text.xcconfig; name = "Pods-CaloriesTracker.release.xcconfig"; path = "Pods/Target Support Files/Pods-CaloriesTracker/Pods-CaloriesTracker.release.xcconfig"; sourceTree = "<group>"; };
		B86763ED8DC2891F52136858 /* Pods_CaloriesTracker.framework */ = {isa = PBXFileReference; explicitFileType = wrapper.framework; includeInIndex = 0; path = Pods_CaloriesTracker.framework; sourceTree = BUILT_PRODUCTS_DIR; };
		C10E3E3F21D40C460012C0DE /* User.swift */ = {isa = PBXFileReference; lastKnownFileType = sourcecode.swift; path = User.swift; sourceTree = "<group>"; };
		C10E3E4121D40CBA0012C0DE /* GeneralHelper.swift */ = {isa = PBXFileReference; lastKnownFileType = sourcecode.swift; path = GeneralHelper.swift; sourceTree = "<group>"; };
		C10E3E4321D41C400012C0DE /* GetAllUsersWorker.swift */ = {isa = PBXFileReference; lastKnownFileType = sourcecode.swift; path = GetAllUsersWorker.swift; sourceTree = "<group>"; };
		C120CD1221CB3D230080EC15 /* CaloriesTracker.app */ = {isa = PBXFileReference; explicitFileType = wrapper.application; includeInIndex = 0; path = CaloriesTracker.app; sourceTree = BUILT_PRODUCTS_DIR; };
		C120CD1521CB3D230080EC15 /* AppDelegate.swift */ = {isa = PBXFileReference; lastKnownFileType = sourcecode.swift; path = AppDelegate.swift; sourceTree = "<group>"; };
		C120CD1C21CB3D240080EC15 /* Assets.xcassets */ = {isa = PBXFileReference; lastKnownFileType = folder.assetcatalog; path = Assets.xcassets; sourceTree = "<group>"; };
		C120CD1F21CB3D240080EC15 /* Base */ = {isa = PBXFileReference; lastKnownFileType = file.storyboard; name = Base; path = Base.lproj/LaunchScreen.storyboard; sourceTree = "<group>"; };
		C120CD2121CB3D240080EC15 /* Info.plist */ = {isa = PBXFileReference; lastKnownFileType = text.plist.xml; path = Info.plist; sourceTree = "<group>"; };
		C120CD2A21CB80FB0080EC15 /* UIButtonExtension.swift */ = {isa = PBXFileReference; fileEncoding = 4; lastKnownFileType = sourcecode.swift; path = UIButtonExtension.swift; sourceTree = "<group>"; };
		C120CD2B21CB80FB0080EC15 /* knGridView.swift */ = {isa = PBXFileReference; fileEncoding = 4; lastKnownFileType = sourcecode.swift; path = knGridView.swift; sourceTree = "<group>"; };
		C120CD2C21CB80FB0080EC15 /* UIColorExtension.swift */ = {isa = PBXFileReference; fileEncoding = 4; lastKnownFileType = sourcecode.swift; path = UIColorExtension.swift; sourceTree = "<group>"; };
		C120CD2D21CB80FB0080EC15 /* UISearchBarExtension.swift */ = {isa = PBXFileReference; fileEncoding = 4; lastKnownFileType = sourcecode.swift; path = UISearchBarExtension.swift; sourceTree = "<group>"; };
		C120CD2E21CB80FB0080EC15 /* General.swift */ = {isa = PBXFileReference; fileEncoding = 4; lastKnownFileType = sourcecode.swift; path = General.swift; sourceTree = "<group>"; };
		C120CD2F21CB80FB0080EC15 /* UITextFieldExtension.swift */ = {isa = PBXFileReference; fileEncoding = 4; lastKnownFileType = sourcecode.swift; path = UITextFieldExtension.swift; sourceTree = "<group>"; };
		C120CD3021CB80FB0080EC15 /* UIApplicationExtension.swift */ = {isa = PBXFileReference; fileEncoding = 4; lastKnownFileType = sourcecode.swift; path = UIApplicationExtension.swift; sourceTree = "<group>"; };
		C120CD3121CB80FB0080EC15 /* IntExtension.swift */ = {isa = PBXFileReference; fileEncoding = 4; lastKnownFileType = sourcecode.swift; path = IntExtension.swift; sourceTree = "<group>"; };
		C120CD3221CB80FB0080EC15 /* StartPoint.swift */ = {isa = PBXFileReference; fileEncoding = 4; lastKnownFileType = sourcecode.swift; path = StartPoint.swift; sourceTree = "<group>"; };
		C120CD3321CB80FB0080EC15 /* UIViewControllerExtension.swift */ = {isa = PBXFileReference; fileEncoding = 4; lastKnownFileType = sourcecode.swift; path = UIViewControllerExtension.swift; sourceTree = "<group>"; };
		C120CD3421CB80FB0080EC15 /* AppSetting.swift */ = {isa = PBXFileReference; fileEncoding = 4; lastKnownFileType = sourcecode.swift; path = AppSetting.swift; sourceTree = "<group>"; };
		C120CD3521CB80FB0080EC15 /* knView.swift */ = {isa = PBXFileReference; fileEncoding = 4; lastKnownFileType = sourcecode.swift; path = knView.swift; sourceTree = "<group>"; };
		C120CD3621CB80FB0080EC15 /* UIViewExtension.swift */ = {isa = PBXFileReference; fileEncoding = 4; lastKnownFileType = sourcecode.swift; path = UIViewExtension.swift; sourceTree = "<group>"; };
		C120CD3721CB80FB0080EC15 /* knController.swift */ = {isa = PBXFileReference; fileEncoding = 4; lastKnownFileType = sourcecode.swift; path = knController.swift; sourceTree = "<group>"; };
		C120CD3821CB80FB0080EC15 /* OtherExtensions.swift */ = {isa = PBXFileReference; fileEncoding = 4; lastKnownFileType = sourcecode.swift; path = OtherExtensions.swift; sourceTree = "<group>"; };
		C120CD3921CB80FB0080EC15 /* knUIMaker.swift */ = {isa = PBXFileReference; fileEncoding = 4; lastKnownFileType = sourcecode.swift; path = knUIMaker.swift; sourceTree = "<group>"; };
		C120CD3A21CB80FB0080EC15 /* knListView.swift */ = {isa = PBXFileReference; fileEncoding = 4; lastKnownFileType = sourcecode.swift; path = knListView.swift; sourceTree = "<group>"; };
		C120CD3B21CB80FB0080EC15 /* NavigationExtension.swift */ = {isa = PBXFileReference; fileEncoding = 4; lastKnownFileType = sourcecode.swift; path = NavigationExtension.swift; sourceTree = "<group>"; };
		C120CD3C21CB80FB0080EC15 /* UIFontExtension.swift */ = {isa = PBXFileReference; fileEncoding = 4; lastKnownFileType = sourcecode.swift; path = UIFontExtension.swift; sourceTree = "<group>"; };
		C120CD3D21CB80FB0080EC15 /* StringExtension.swift */ = {isa = PBXFileReference; fileEncoding = 4; lastKnownFileType = sourcecode.swift; path = StringExtension.swift; sourceTree = "<group>"; };
		C120CD3E21CB80FB0080EC15 /* DeviceType.swift */ = {isa = PBXFileReference; fileEncoding = 4; lastKnownFileType = sourcecode.swift; path = DeviceType.swift; sourceTree = "<group>"; };
		C120CD3F21CB80FB0080EC15 /* ServiceConnector.swift */ = {isa = PBXFileReference; fileEncoding = 4; lastKnownFileType = sourcecode.swift; path = ServiceConnector.swift; sourceTree = "<group>"; };
		C120CD4021CB80FB0080EC15 /* knConstraints.swift */ = {isa = PBXFileReference; fileEncoding = 4; lastKnownFileType = sourcecode.swift; path = knConstraints.swift; sourceTree = "<group>"; };
		C120CD4121CB80FB0080EC15 /* UIImageExtension.swift */ = {isa = PBXFileReference; fileEncoding = 4; lastKnownFileType = sourcecode.swift; path = UIImageExtension.swift; sourceTree = "<group>"; };
		C120CD4221CB80FB0080EC15 /* DateExtension.swift */ = {isa = PBXFileReference; fileEncoding = 4; lastKnownFileType = sourcecode.swift; path = DateExtension.swift; sourceTree = "<group>"; };
		C120CD7321CB83F30080EC15 /* Login.swift */ = {isa = PBXFileReference; fileEncoding = 4; lastKnownFileType = sourcecode.swift; path = Login.swift; sourceTree = "<group>"; };
		C120CD7421CB83F30080EC15 /* Login.UI.swift */ = {isa = PBXFileReference; fileEncoding = 4; lastKnownFileType = sourcecode.swift; path = Login.UI.swift; sourceTree = "<group>"; };
		C120CD7521CB83F30080EC15 /* Login.Interactor.swift */ = {isa = PBXFileReference; fileEncoding = 4; lastKnownFileType = sourcecode.swift; path = Login.Interactor.swift; sourceTree = "<group>"; };
		C120CD7621CB83F30080EC15 /* LoginWorker.swift */ = {isa = PBXFileReference; fileEncoding = 4; lastKnownFileType = sourcecode.swift; path = LoginWorker.swift; sourceTree = "<group>"; };
		C120CD7B21CB84990080EC15 /* Colors.swift */ = {isa = PBXFileReference; lastKnownFileType = sourcecode.swift; path = Colors.swift; sourceTree = "<group>"; };
		C120CD7E21CB85A80080EC15 /* Muli-Regular.ttf */ = {isa = PBXFileReference; lastKnownFileType = file; path = "Muli-Regular.ttf"; sourceTree = "<group>"; };
		C120CD7F21CB85A80080EC15 /* Muli-SemiBold.ttf */ = {isa = PBXFileReference; lastKnownFileType = file; path = "Muli-SemiBold.ttf"; sourceTree = "<group>"; };
		C120CD8021CB85A80080EC15 /* Muli-Bold.ttf */ = {isa = PBXFileReference; lastKnownFileType = file; path = "Muli-Bold.ttf"; sourceTree = "<group>"; };
		C120CD8221CB87200080EC15 /* CTMessage.swift */ = {isa = PBXFileReference; lastKnownFileType = sourcecode.swift; path = CTMessage.swift; sourceTree = "<group>"; };
		C120CD8521CB874A0080EC15 /* WhisperFactory.swift */ = {isa = PBXFileReference; fileEncoding = 4; lastKnownFileType = sourcecode.swift; path = WhisperFactory.swift; sourceTree = "<group>"; };
		C120CD8621CB874A0080EC15 /* WhisperView.swift */ = {isa = PBXFileReference; fileEncoding = 4; lastKnownFileType = sourcecode.swift; path = WhisperView.swift; sourceTree = "<group>"; };
		C120CD8721CB874A0080EC15 /* Message.swift */ = {isa = PBXFileReference; fileEncoding = 4; lastKnownFileType = sourcecode.swift; path = Message.swift; sourceTree = "<group>"; };
		C120CD8821CB874A0080EC15 /* Showing.swift */ = {isa = PBXFileReference; fileEncoding = 4; lastKnownFileType = sourcecode.swift; path = Showing.swift; sourceTree = "<group>"; };
		C120CD8921CB874A0080EC15 /* Config.swift */ = {isa = PBXFileReference; fileEncoding = 4; lastKnownFileType = sourcecode.swift; path = Config.swift; sourceTree = "<group>"; };
		C120CD8A21CB874A0080EC15 /* WhistleFactory.swift */ = {isa = PBXFileReference; fileEncoding = 4; lastKnownFileType = sourcecode.swift; path = WhistleFactory.swift; sourceTree = "<group>"; };
		C120CD8B21CB874A0080EC15 /* ShoutFactory.swift */ = {isa = PBXFileReference; fileEncoding = 4; lastKnownFileType = sourcecode.swift; path = ShoutFactory.swift; sourceTree = "<group>"; };
		C120CD9621CB8E8A0080EC15 /* GoogleService-Info.plist */ = {isa = PBXFileReference; fileEncoding = 4; lastKnownFileType = text.plist.xml; path = "GoogleService-Info.plist"; sourceTree = "<group>"; };
		C1458F7121D34E13000F63D5 /* LogoutWorker.swift */ = {isa = PBXFileReference; lastKnownFileType = sourcecode.swift; path = LogoutWorker.swift; sourceTree = "<group>"; };
		C1458F7521D37CF0000F63D5 /* GetMyProfileWorker.swift */ = {isa = PBXFileReference; lastKnownFileType = sourcecode.swift; path = GetMyProfileWorker.swift; sourceTree = "<group>"; };
		C1458F7721D37E50000F63D5 /* Calories.swift */ = {isa = PBXFileReference; lastKnownFileType = sourcecode.swift; path = Calories.swift; sourceTree = "<group>"; };
		C1458F7921D37FBD000F63D5 /* UpdateCaloriesWorker.swift */ = {isa = PBXFileReference; lastKnownFileType = sourcecode.swift; path = UpdateCaloriesWorker.swift; sourceTree = "<group>"; };
		C1458F7B21D38211000F63D5 /* GetCaloriesWorker.swift */ = {isa = PBXFileReference; lastKnownFileType = sourcecode.swift; path = GetCaloriesWorker.swift; sourceTree = "<group>"; };
		C1458F7D21D387BD000F63D5 /* SetUserRoleWorker.swift */ = {isa = PBXFileReference; lastKnownFileType = sourcecode.swift; path = SetUserRoleWorker.swift; sourceTree = "<group>"; };
		C193046A21CB913D00315ED3 /* RegisterWorker.swift */ = {isa = PBXFileReference; fileEncoding = 4; lastKnownFileType = sourcecode.swift; path = RegisterWorker.swift; sourceTree = "<group>"; };
		C193046B21CB913D00315ED3 /* Register.UI.swift */ = {isa = PBXFileReference; fileEncoding = 4; lastKnownFileType = sourcecode.swift; path = Register.UI.swift; sourceTree = "<group>"; };
		C193046C21CB913D00315ED3 /* Register.swift */ = {isa = PBXFileReference; fileEncoding = 4; lastKnownFileType = sourcecode.swift; path = Register.swift; sourceTree = "<group>"; };
		C193046D21CB913D00315ED3 /* Register.Interactor.swift */ = {isa = PBXFileReference; fileEncoding = 4; lastKnownFileType = sourcecode.swift; path = Register.Interactor.swift; sourceTree = "<group>"; };
		C193047221CB91D500315ED3 /* PasswordValidation.swift */ = {isa = PBXFileReference; fileEncoding = 4; lastKnownFileType = sourcecode.swift; path = PasswordValidation.swift; sourceTree = "<group>"; };
		C193047421CB927500315ED3 /* TermLabel.swift */ = {isa = PBXFileReference; fileEncoding = 4; lastKnownFileType = sourcecode.swift; path = TermLabel.swift; sourceTree = "<group>"; };
		C193047621CB95E500315ED3 /* DataBucket.swift */ = {isa = PBXFileReference; lastKnownFileType = sourcecode.swift; path = DataBucket.swift; sourceTree = "<group>"; };
		C193047921CB9B2F00315ED3 /* Boss.swift */ = {isa = PBXFileReference; lastKnownFileType = sourcecode.swift; path = Boss.swift; sourceTree = "<group>"; };
		C193047C21CC226800315ED3 /* Meals.swift */ = {isa = PBXFileReference; lastKnownFileType = sourcecode.swift; path = Meals.swift; sourceTree = "<group>"; };
		C193048221CC246B00315ED3 /* FAPaginationLayout.swift */ = {isa = PBXFileReference; fileEncoding = 4; lastKnownFileType = sourcecode.swift; path = FAPaginationLayout.swift; sourceTree = "<group>"; };
		C193048421CC3ECE00315ED3 /* Meal.swift */ = {isa = PBXFileReference; lastKnownFileType = sourcecode.swift; path = Meal.swift; sourceTree = "<group>"; };
		C193048621CC3EF100315ED3 /* Meals.UI.swift */ = {isa = PBXFileReference; lastKnownFileType = sourcecode.swift; path = Meals.UI.swift; sourceTree = "<group>"; };
		C193048A21CCD4B100315ED3 /* MealCell.swift */ = {isa = PBXFileReference; lastKnownFileType = sourcecode.swift; path = MealCell.swift; sourceTree = "<group>"; };
		C193048D21CCE86C00315ED3 /* AddMeal.swift */ = {isa = PBXFileReference; lastKnownFileType = sourcecode.swift; path = AddMeal.swift; sourceTree = "<group>"; };
		C193048F21CCEC5700315ED3 /* FoodCell.swift */ = {isa = PBXFileReference; lastKnownFileType = sourcecode.swift; path = FoodCell.swift; sourceTree = "<group>"; };
		C19304C421CE1DEE00315ED3 /* MealOptionView.swift */ = {isa = PBXFileReference; lastKnownFileType = sourcecode.swift; path = MealOptionView.swift; sourceTree = "<group>"; };
		C19304C821CE23BF00315ED3 /* ShowTimePicker.swift */ = {isa = PBXFileReference; lastKnownFileType = sourcecode.swift; path = ShowTimePicker.swift; sourceTree = "<group>"; };
		C19304C921CE23BF00315ED3 /* DateView.swift */ = {isa = PBXFileReference; lastKnownFileType = sourcecode.swift; path = DateView.swift; sourceTree = "<group>"; };
		C19304D221CECE8700315ED3 /* KMPlaceholderTextView.swift */ = {isa = PBXFileReference; fileEncoding = 4; lastKnownFileType = sourcecode.swift; path = KMPlaceholderTextView.swift; sourceTree = "<group>"; };
		C19304D521CED9CD00315ED3 /* FoodDetail.swift */ = {isa = PBXFileReference; lastKnownFileType = sourcecode.swift; path = FoodDetail.swift; sourceTree = "<group>"; };
		C19304D721CED9E700315ED3 /* FoodDetail.UI.swift */ = {isa = PBXFileReference; lastKnownFileType = sourcecode.swift; path = FoodDetail.UI.swift; sourceTree = "<group>"; };
		C19304DA21CF4C3B00315ED3 /* MealDetail.swift */ = {isa = PBXFileReference; lastKnownFileType = sourcecode.swift; path = MealDetail.swift; sourceTree = "<group>"; };
		C19304DC21CF4C7000315ED3 /* MealDetail.UI.swift */ = {isa = PBXFileReference; lastKnownFileType = sourcecode.swift; path = MealDetail.UI.swift; sourceTree = "<group>"; };
		C19304DE21CF501D00315ED3 /* AteFoodCell.swift */ = {isa = PBXFileReference; lastKnownFileType = sourcecode.swift; path = AteFoodCell.swift; sourceTree = "<group>"; };
		C19304E021CF54CF00315ED3 /* Enums.swift */ = {isa = PBXFileReference; lastKnownFileType = sourcecode.swift; path = Enums.swift; sourceTree = "<group>"; };
		C19304E221D02D2900315ED3 /* UserList.swift */ = {isa = PBXFileReference; lastKnownFileType = sourcecode.swift; path = UserList.swift; sourceTree = "<group>"; };
		C19304E521D02D5800315ED3 /* UserCell.swift */ = {isa = PBXFileReference; lastKnownFileType = sourcecode.swift; path = UserCell.swift; sourceTree = "<group>"; };
		C19304E821D0321D00315ED3 /* UserProfile.swift */ = {isa = PBXFileReference; lastKnownFileType = sourcecode.swift; path = UserProfile.swift; sourceTree = "<group>"; };
		C19304EA21D0326A00315ED3 /* UserProfile.UI.swift */ = {isa = PBXFileReference; lastKnownFileType = sourcecode.swift; path = UserProfile.UI.swift; sourceTree = "<group>"; };
		C19304EE21D093BA00315ED3 /* GetFoodsWorker.swift */ = {isa = PBXFileReference; lastKnownFileType = sourcecode.swift; path = GetFoodsWorker.swift; sourceTree = "<group>"; };
		C19304F021D0988C00315ED3 /* AddMeal.Interactor.swift */ = {isa = PBXFileReference; lastKnownFileType = sourcecode.swift; path = AddMeal.Interactor.swift; sourceTree = "<group>"; };
		C19304F221D0ABE700315ED3 /* StateView.swift */ = {isa = PBXFileReference; lastKnownFileType = sourcecode.swift; path = StateView.swift; sourceTree = "<group>"; };
		C19304F421D0AD0C00315ED3 /* loading.gif */ = {isa = PBXFileReference; lastKnownFileType = image.gif; path = loading.gif; sourceTree = "<group>"; };
		C19304F721D0ADDD00315ED3 /* UIImage+Gif.swift */ = {isa = PBXFileReference; fileEncoding = 4; lastKnownFileType = sourcecode.swift; path = "UIImage+Gif.swift"; sourceTree = "<group>"; };
		C19304FB21D17AA300315ED3 /* AddMealWorker.swift */ = {isa = PBXFileReference; lastKnownFileType = sourcecode.swift; path = AddMealWorker.swift; sourceTree = "<group>"; };
		C19304FD21D20FE000315ED3 /* MealOptionView.UI.swift */ = {isa = PBXFileReference; lastKnownFileType = sourcecode.swift; path = MealOptionView.UI.swift; sourceTree = "<group>"; };
		C19304FF21D2253400315ED3 /* BarButtonBadge.swift */ = {isa = PBXFileReference; lastKnownFileType = sourcecode.swift; path = BarButtonBadge.swift; sourceTree = "<group>"; };
		C193050121D2304B00315ED3 /* Checkout.swift */ = {isa = PBXFileReference; lastKnownFileType = sourcecode.swift; path = Checkout.swift; sourceTree = "<group>"; };
		C193050421D23FF900315ED3 /* Setting.swift */ = {isa = PBXFileReference; lastKnownFileType = sourcecode.swift; path = Setting.swift; sourceTree = "<group>"; };
		C193050621D2407C00315ED3 /* Setting.UI.swift */ = {isa = PBXFileReference; lastKnownFileType = sourcecode.swift; path = Setting.UI.swift; sourceTree = "<group>"; };
		C193050821D2CA5D00315ED3 /* GetPreviousMealsWorker.swift */ = {isa = PBXFileReference; lastKnownFileType = sourcecode.swift; path = GetPreviousMealsWorker.swift; sourceTree = "<group>"; };
		C193050A21D2CD2600315ED3 /* Meals.Interactor.swift */ = {isa = PBXFileReference; lastKnownFileType = sourcecode.swift; path = Meals.Interactor.swift; sourceTree = "<group>"; };
		C193050C21D2D00200315ED3 /* GetFoodDetailWorker.swift */ = {isa = PBXFileReference; lastKnownFileType = sourcecode.swift; path = GetFoodDetailWorker.swift; sourceTree = "<group>"; };
		C193050E21D2D69500315ED3 /* GetUpcomingMealsWorker.swift */ = {isa = PBXFileReference; lastKnownFileType = sourcecode.swift; path = GetUpcomingMealsWorker.swift; sourceTree = "<group>"; };
		C193051021D3171000315ED3 /* UpcomingMealsView.swift */ = {isa = PBXFileReference; fileEncoding = 4; lastKnownFileType = sourcecode.swift; path = UpcomingMealsView.swift; sourceTree = "<group>"; };
		C193051221D31E3B00315ED3 /* CaloriesChecker.swift */ = {isa = PBXFileReference; lastKnownFileType = sourcecode.swift; path = CaloriesChecker.swift; sourceTree = "<group>"; };
		C193051521D3397100315ED3 /* EditMeal.swift */ = {isa = PBXFileReference; lastKnownFileType = sourcecode.swift; path = EditMeal.swift; sourceTree = "<group>"; };
		C193051721D33E5900315ED3 /* CheckoutEdit.swift */ = {isa = PBXFileReference; lastKnownFileType = sourcecode.swift; path = CheckoutEdit.swift; sourceTree = "<group>"; };
		C193051921D33EDC00315ED3 /* UpdateMealWorker.swift */ = {isa = PBXFileReference; lastKnownFileType = sourcecode.swift; path = UpdateMealWorker.swift; sourceTree = "<group>"; };
		EE7D234AAD8C0C68B809DD8C /* Pods-CaloriesTracker.debug.xcconfig */ = {isa = PBXFileReference; includeInIndex = 1; lastKnownFileType = text.xcconfig; name = "Pods-CaloriesTracker.debug.xcconfig"; path = "Pods/Target Support Files/Pods-CaloriesTracker/Pods-CaloriesTracker.debug.xcconfig"; sourceTree = "<group>"; };
/* End PBXFileReference section */

/* Begin PBXFrameworksBuildPhase section */
		C120CD0F21CB3D230080EC15 /* Frameworks */ = {
			isa = PBXFrameworksBuildPhase;
			buildActionMask = 2147483647;
			files = (
				C2F0A07394AADE51D770740B /* Pods_CaloriesTracker.framework in Frameworks */,
			);
			runOnlyForDeploymentPostprocessing = 0;
		};
/* End PBXFrameworksBuildPhase section */

/* Begin PBXGroup section */
		60DE173E4146DD58E6E69115 /* Frameworks */ = {
			isa = PBXGroup;
			children = (
				B86763ED8DC2891F52136858 /* Pods_CaloriesTracker.framework */,
			);
			name = Frameworks;
			sourceTree = "<group>";
		};
		C120CD0921CB3D230080EC15 = {
			isa = PBXGroup;
			children = (
				C120CD1421CB3D230080EC15 /* CaloriesTracker */,
				C120CD1321CB3D230080EC15 /* Products */,
				DDA226BB38BE9112A6EEAD1D /* Pods */,
				60DE173E4146DD58E6E69115 /* Frameworks */,
			);
			sourceTree = "<group>";
		};
		C120CD1321CB3D230080EC15 /* Products */ = {
			isa = PBXGroup;
			children = (
				C120CD1221CB3D230080EC15 /* CaloriesTracker.app */,
			);
			name = Products;
			sourceTree = "<group>";
		};
		C120CD1421CB3D230080EC15 /* CaloriesTracker */ = {
			isa = PBXGroup;
			children = (
				C120CD2821CB80E40080EC15 /* assets */,
				C120CD2721CB80D90080EC15 /* configuration */,
				C120CD8121CB87180080EC15 /* common */,
				C120CD5D21CB810B0080EC15 /* features */,
				C120CD5C21CB81000080EC15 /* modules */,
			);
			path = CaloriesTracker;
			sourceTree = "<group>";
		};
		C120CD2721CB80D90080EC15 /* configuration */ = {
			isa = PBXGroup;
			children = (
				C120CD9621CB8E8A0080EC15 /* GoogleService-Info.plist */,
				C120CD1521CB3D230080EC15 /* AppDelegate.swift */,
				C120CD2121CB3D240080EC15 /* Info.plist */,
				C120CD3221CB80FB0080EC15 /* StartPoint.swift */,
				C120CD3421CB80FB0080EC15 /* AppSetting.swift */,
			);
			path = configuration;
			sourceTree = "<group>";
		};
		C120CD2821CB80E40080EC15 /* assets */ = {
			isa = PBXGroup;
			children = (
				C19304F421D0AD0C00315ED3 /* loading.gif */,
				C120CD7D21CB858A0080EC15 /* fonts */,
				C120CD1C21CB3D240080EC15 /* Assets.xcassets */,
				C120CD1E21CB3D240080EC15 /* LaunchScreen.storyboard */,
			);
			path = assets;
			sourceTree = "<group>";
		};
		C120CD2921CB80FB0080EC15 /* must_have */ = {
			isa = PBXGroup;
			children = (
				C120CD4221CB80FB0080EC15 /* DateExtension.swift */,
				C120CD3E21CB80FB0080EC15 /* DeviceType.swift */,
				C120CD2E21CB80FB0080EC15 /* General.swift */,
				C120CD3121CB80FB0080EC15 /* IntExtension.swift */,
				C120CD4021CB80FB0080EC15 /* knConstraints.swift */,
				C120CD3721CB80FB0080EC15 /* knController.swift */,
				C120CD2B21CB80FB0080EC15 /* knGridView.swift */,
				C120CD3A21CB80FB0080EC15 /* knListView.swift */,
				C120CD3921CB80FB0080EC15 /* knUIMaker.swift */,
				C120CD3521CB80FB0080EC15 /* knView.swift */,
				C120CD3B21CB80FB0080EC15 /* NavigationExtension.swift */,
				C120CD3821CB80FB0080EC15 /* OtherExtensions.swift */,
				C120CD3F21CB80FB0080EC15 /* ServiceConnector.swift */,
				C120CD3D21CB80FB0080EC15 /* StringExtension.swift */,
				C120CD3021CB80FB0080EC15 /* UIApplicationExtension.swift */,
				C120CD2A21CB80FB0080EC15 /* UIButtonExtension.swift */,
				C120CD2C21CB80FB0080EC15 /* UIColorExtension.swift */,
				C120CD3C21CB80FB0080EC15 /* UIFontExtension.swift */,
				C120CD4121CB80FB0080EC15 /* UIImageExtension.swift */,
				C120CD2D21CB80FB0080EC15 /* UISearchBarExtension.swift */,
				C120CD2F21CB80FB0080EC15 /* UITextFieldExtension.swift */,
				C120CD3321CB80FB0080EC15 /* UIViewControllerExtension.swift */,
				C120CD3621CB80FB0080EC15 /* UIViewExtension.swift */,
			);
			path = must_have;
			sourceTree = "<group>";
		};
		C120CD5C21CB81000080EC15 /* modules */ = {
			isa = PBXGroup;
			children = (
				C19304F721D0ADDD00315ED3 /* UIImage+Gif.swift */,
				C19304D221CECE8700315ED3 /* KMPlaceholderTextView.swift */,
				C19304C921CE23BF00315ED3 /* DateView.swift */,
				C19304C821CE23BF00315ED3 /* ShowTimePicker.swift */,
				C193048221CC246B00315ED3 /* FAPaginationLayout.swift */,
				C193047421CB927500315ED3 /* TermLabel.swift */,
				C120CD8421CB874A0080EC15 /* Whisper */,
				C120CD2921CB80FB0080EC15 /* must_have */,
				C19304F221D0ABE700315ED3 /* StateView.swift */,
				C19304FF21D2253400315ED3 /* BarButtonBadge.swift */,
			);
			path = modules;
			sourceTree = "<group>";
		};
		C120CD5D21CB810B0080EC15 /* features */ = {
			isa = PBXGroup;
			children = (
				C193051421D3395F00315ED3 /* editMeal */,
				C193048C21CCE81900315ED3 /* addMeal */,
				C193047821CB9B2900315ED3 /* boss */,
				C19304D421CED9C700315ED3 /* food */,
				C120CD7221CB83F30080EC15 /* login */,
				C19304D921CF4C3400315ED3 /* mealDetail */,
				C193047B21CC226300315ED3 /* mealsList */,
				C193046921CB913D00315ED3 /* register */,
				C193050321D23FF200315ED3 /* setting */,
				C19304E421D02D2D00315ED3 /* userList */,
				C19304E721D0321400315ED3 /* userProfile */,
			);
			path = features;
			sourceTree = "<group>";
		};
		C120CD7221CB83F30080EC15 /* login */ = {
			isa = PBXGroup;
			children = (
				C120CD7321CB83F30080EC15 /* Login.swift */,
				C120CD7421CB83F30080EC15 /* Login.UI.swift */,
				C120CD7521CB83F30080EC15 /* Login.Interactor.swift */,
				C120CD7621CB83F30080EC15 /* LoginWorker.swift */,
			);
			path = login;
			sourceTree = "<group>";
		};
		C120CD7D21CB858A0080EC15 /* fonts */ = {
			isa = PBXGroup;
			children = (
				C120CD8021CB85A80080EC15 /* Muli-Bold.ttf */,
				C120CD7E21CB85A80080EC15 /* Muli-Regular.ttf */,
				C120CD7F21CB85A80080EC15 /* Muli-SemiBold.ttf */,
			);
			path = fonts;
			sourceTree = "<group>";
		};
		C120CD8121CB87180080EC15 /* common */ = {
			isa = PBXGroup;
			children = (
				C193047221CB91D500315ED3 /* PasswordValidation.swift */,
				C120CD7B21CB84990080EC15 /* Colors.swift */,
				C120CD8221CB87200080EC15 /* CTMessage.swift */,
				C193047621CB95E500315ED3 /* DataBucket.swift */,
				C19304E021CF54CF00315ED3 /* Enums.swift */,
				C193051221D31E3B00315ED3 /* CaloriesChecker.swift */,
				C1458F7521D37CF0000F63D5 /* GetMyProfileWorker.swift */,
				C1458F7D21D387BD000F63D5 /* SetUserRoleWorker.swift */,
				C10E3E3F21D40C460012C0DE /* User.swift */,
				C10E3E4121D40CBA0012C0DE /* GeneralHelper.swift */,
			);
			path = common;
			sourceTree = "<group>";
		};
		C120CD8421CB874A0080EC15 /* Whisper */ = {
			isa = PBXGroup;
			children = (
				C120CD8521CB874A0080EC15 /* WhisperFactory.swift */,
				C120CD8621CB874A0080EC15 /* WhisperView.swift */,
				C120CD8721CB874A0080EC15 /* Message.swift */,
				C120CD8821CB874A0080EC15 /* Showing.swift */,
				C120CD8921CB874A0080EC15 /* Config.swift */,
				C120CD8A21CB874A0080EC15 /* WhistleFactory.swift */,
				C120CD8B21CB874A0080EC15 /* ShoutFactory.swift */,
			);
			path = Whisper;
			sourceTree = "<group>";
		};
		C193046921CB913D00315ED3 /* register */ = {
			isa = PBXGroup;
			children = (
				C193046A21CB913D00315ED3 /* RegisterWorker.swift */,
				C193046B21CB913D00315ED3 /* Register.UI.swift */,
				C193046C21CB913D00315ED3 /* Register.swift */,
				C193046D21CB913D00315ED3 /* Register.Interactor.swift */,
			);
			path = register;
			sourceTree = "<group>";
		};
		C193047821CB9B2900315ED3 /* boss */ = {
			isa = PBXGroup;
			children = (
				C193047921CB9B2F00315ED3 /* Boss.swift */,
			);
			path = boss;
			sourceTree = "<group>";
		};
		C193047B21CC226300315ED3 /* mealsList */ = {
			isa = PBXGroup;
			children = (
				C193050821D2CA5D00315ED3 /* GetPreviousMealsWorker.swift */,
				C193048421CC3ECE00315ED3 /* Meal.swift */,
				C193048A21CCD4B100315ED3 /* MealCell.swift */,
				C193050A21D2CD2600315ED3 /* Meals.Interactor.swift */,
				C193047C21CC226800315ED3 /* Meals.swift */,
				C193048621CC3EF100315ED3 /* Meals.UI.swift */,
				C193051021D3171000315ED3 /* UpcomingMealsView.swift */,
				C193050E21D2D69500315ED3 /* GetUpcomingMealsWorker.swift */,
			);
			path = mealsList;
			sourceTree = "<group>";
		};
		C193048C21CCE81900315ED3 /* addMeal */ = {
			isa = PBXGroup;
			children = (
				C19304F621D0AD7E00315ED3 /* components */,
				C19304F021D0988C00315ED3 /* AddMeal.Interactor.swift */,
				C193048D21CCE86C00315ED3 /* AddMeal.swift */,
				C19304FB21D17AA300315ED3 /* AddMealWorker.swift */,
				C19304EE21D093BA00315ED3 /* GetFoodsWorker.swift */,
				C193050121D2304B00315ED3 /* Checkout.swift */,
			);
			path = addMeal;
			sourceTree = "<group>";
		};
		C19304D421CED9C700315ED3 /* food */ = {
			isa = PBXGroup;
			children = (
				C19304D521CED9CD00315ED3 /* FoodDetail.swift */,
				C19304D721CED9E700315ED3 /* FoodDetail.UI.swift */,
				C193050C21D2D00200315ED3 /* GetFoodDetailWorker.swift */,
			);
			path = food;
			sourceTree = "<group>";
		};
		C19304D921CF4C3400315ED3 /* mealDetail */ = {
			isa = PBXGroup;
			children = (
				C19304DA21CF4C3B00315ED3 /* MealDetail.swift */,
				C19304DC21CF4C7000315ED3 /* MealDetail.UI.swift */,
				C19304DE21CF501D00315ED3 /* AteFoodCell.swift */,
			);
			path = mealDetail;
			sourceTree = "<group>";
		};
		C19304E421D02D2D00315ED3 /* userList */ = {
			isa = PBXGroup;
			children = (
				C19304E221D02D2900315ED3 /* UserList.swift */,
				C19304E521D02D5800315ED3 /* UserCell.swift */,
				C10E3E4321D41C400012C0DE /* GetAllUsersWorker.swift */,
			);
			path = userList;
			sourceTree = "<group>";
		};
		C19304E721D0321400315ED3 /* userProfile */ = {
			isa = PBXGroup;
			children = (
				C19304E821D0321D00315ED3 /* UserProfile.swift */,
				C19304EA21D0326A00315ED3 /* UserProfile.UI.swift */,
			);
			path = userProfile;
			sourceTree = "<group>";
		};
		C19304F621D0AD7E00315ED3 /* components */ = {
			isa = PBXGroup;
			children = (
				C19304C421CE1DEE00315ED3 /* MealOptionView.swift */,
				C19304FD21D20FE000315ED3 /* MealOptionView.UI.swift */,
				C193048F21CCEC5700315ED3 /* FoodCell.swift */,
			);
			path = components;
			sourceTree = "<group>";
		};
		C193050321D23FF200315ED3 /* setting */ = {
			isa = PBXGroup;
			children = (
				C193050421D23FF900315ED3 /* Setting.swift */,
				C193050621D2407C00315ED3 /* Setting.UI.swift */,
				C1458F7121D34E13000F63D5 /* LogoutWorker.swift */,
				C1458F7721D37E50000F63D5 /* Calories.swift */,
				C1458F7B21D38211000F63D5 /* GetCaloriesWorker.swift */,
				C1458F7921D37FBD000F63D5 /* UpdateCaloriesWorker.swift */,
			);
			path = setting;
			sourceTree = "<group>";
		};
		C193051421D3395F00315ED3 /* editMeal */ = {
			isa = PBXGroup;
			children = (
				C193051521D3397100315ED3 /* EditMeal.swift */,
				C193051721D33E5900315ED3 /* CheckoutEdit.swift */,
				C193051921D33EDC00315ED3 /* UpdateMealWorker.swift */,
			);
			path = editMeal;
			sourceTree = "<group>";
		};
		DDA226BB38BE9112A6EEAD1D /* Pods */ = {
			isa = PBXGroup;
			children = (
				EE7D234AAD8C0C68B809DD8C /* Pods-CaloriesTracker.debug.xcconfig */,
				7FE98514BB423E26AFA8FB5A /* Pods-CaloriesTracker.release.xcconfig */,
			);
			name = Pods;
			sourceTree = "<group>";
		};
/* End PBXGroup section */

/* Begin PBXNativeTarget section */
		C120CD1121CB3D230080EC15 /* CaloriesTracker */ = {
			isa = PBXNativeTarget;
			buildConfigurationList = C120CD2421CB3D240080EC15 /* Build configuration list for PBXNativeTarget "CaloriesTracker" */;
			buildPhases = (
				4F406BE7DAF3ED217F1928E8 /* [CP] Check Pods Manifest.lock */,
				C120CD0E21CB3D230080EC15 /* Sources */,
				C120CD0F21CB3D230080EC15 /* Frameworks */,
				C120CD1021CB3D230080EC15 /* Resources */,
				954F4C07103F501CC196E84B /* [CP] Embed Pods Frameworks */,
			);
			buildRules = (
			);
			dependencies = (
			);
			name = CaloriesTracker;
			productName = CaloriesTracker;
			productReference = C120CD1221CB3D230080EC15 /* CaloriesTracker.app */;
			productType = "com.apple.product-type.application";
		};
/* End PBXNativeTarget section */

/* Begin PBXProject section */
		C120CD0A21CB3D230080EC15 /* Project object */ = {
			isa = PBXProject;
			attributes = {
				LastSwiftUpdateCheck = 1010;
				LastUpgradeCheck = 1010;
				ORGANIZATIONNAME = "Ky Nguyen";
				TargetAttributes = {
					C120CD1121CB3D230080EC15 = {
						CreatedOnToolsVersion = 10.1;
					};
				};
			};
			buildConfigurationList = C120CD0D21CB3D230080EC15 /* Build configuration list for PBXProject "CaloriesTracker" */;
			compatibilityVersion = "Xcode 9.3";
			developmentRegion = en;
			hasScannedForEncodings = 0;
			knownRegions = (
				en,
				Base,
			);
			mainGroup = C120CD0921CB3D230080EC15;
			productRefGroup = C120CD1321CB3D230080EC15 /* Products */;
			projectDirPath = "";
			projectRoot = "";
			targets = (
				C120CD1121CB3D230080EC15 /* CaloriesTracker */,
			);
		};
/* End PBXProject section */

/* Begin PBXResourcesBuildPhase section */
		C120CD1021CB3D230080EC15 /* Resources */ = {
			isa = PBXResourcesBuildPhase;
			buildActionMask = 2147483647;
			files = (
				C120CD9321CB8A8D0080EC15 /* Muli-Bold.ttf in Resources */,
				C120CD2021CB3D240080EC15 /* LaunchScreen.storyboard in Resources */,
				C120CD9421CB8A8D0080EC15 /* Muli-Regular.ttf in Resources */,
				C120CD1D21CB3D240080EC15 /* Assets.xcassets in Resources */,
				C19304F521D0AD0C00315ED3 /* loading.gif in Resources */,
				C120CD9521CB8A8D0080EC15 /* Muli-SemiBold.ttf in Resources */,
				C120CD9721CB8E8A0080EC15 /* GoogleService-Info.plist in Resources */,
			);
			runOnlyForDeploymentPostprocessing = 0;
		};
/* End PBXResourcesBuildPhase section */

/* Begin PBXShellScriptBuildPhase section */
		4F406BE7DAF3ED217F1928E8 /* [CP] Check Pods Manifest.lock */ = {
			isa = PBXShellScriptBuildPhase;
			buildActionMask = 2147483647;
			files = (
			);
			inputPaths = (
				"${PODS_PODFILE_DIR_PATH}/Podfile.lock",
				"${PODS_ROOT}/Manifest.lock",
			);
			name = "[CP] Check Pods Manifest.lock";
			outputPaths = (
				"$(DERIVED_FILE_DIR)/Pods-CaloriesTracker-checkManifestLockResult.txt",
			);
			runOnlyForDeploymentPostprocessing = 0;
			shellPath = /bin/sh;
			shellScript = "diff \"${PODS_PODFILE_DIR_PATH}/Podfile.lock\" \"${PODS_ROOT}/Manifest.lock\" > /dev/null\nif [ $? != 0 ] ; then\n    # print error to STDERR\n    echo \"error: The sandbox is not in sync with the Podfile.lock. Run 'pod install' or update your CocoaPods installation.\" >&2\n    exit 1\nfi\n# This output is used by Xcode 'outputs' to avoid re-running this script phase.\necho \"SUCCESS\" > \"${SCRIPT_OUTPUT_FILE_0}\"\n";
			showEnvVarsInLog = 0;
		};
		954F4C07103F501CC196E84B /* [CP] Embed Pods Frameworks */ = {
			isa = PBXShellScriptBuildPhase;
			buildActionMask = 2147483647;
			files = (
			);
			inputPaths = (
				"${SRCROOT}/Pods/Target Support Files/Pods-CaloriesTracker/Pods-CaloriesTracker-frameworks.sh",
				"${BUILT_PRODUCTS_DIR}/Alamofire/Alamofire.framework",
				"${BUILT_PRODUCTS_DIR}/GTMSessionFetcher/GTMSessionFetcher.framework",
				"${BUILT_PRODUCTS_DIR}/GoogleUtilities/GoogleUtilities.framework",
				"${BUILT_PRODUCTS_DIR}/Kingfisher/Kingfisher.framework",
				"${BUILT_PRODUCTS_DIR}/leveldb-library/leveldb.framework",
				"${BUILT_PRODUCTS_DIR}/nanopb/nanopb.framework",
			);
			name = "[CP] Embed Pods Frameworks";
			outputPaths = (
				"${TARGET_BUILD_DIR}/${FRAMEWORKS_FOLDER_PATH}/Alamofire.framework",
				"${TARGET_BUILD_DIR}/${FRAMEWORKS_FOLDER_PATH}/GTMSessionFetcher.framework",
				"${TARGET_BUILD_DIR}/${FRAMEWORKS_FOLDER_PATH}/GoogleUtilities.framework",
				"${TARGET_BUILD_DIR}/${FRAMEWORKS_FOLDER_PATH}/Kingfisher.framework",
				"${TARGET_BUILD_DIR}/${FRAMEWORKS_FOLDER_PATH}/leveldb.framework",
				"${TARGET_BUILD_DIR}/${FRAMEWORKS_FOLDER_PATH}/nanopb.framework",
			);
			runOnlyForDeploymentPostprocessing = 0;
			shellPath = /bin/sh;
			shellScript = "\"${SRCROOT}/Pods/Target Support Files/Pods-CaloriesTracker/Pods-CaloriesTracker-frameworks.sh\"\n";
			showEnvVarsInLog = 0;
		};
/* End PBXShellScriptBuildPhase section */

/* Begin PBXSourcesBuildPhase section */
		C120CD0E21CB3D230080EC15 /* Sources */ = {
			isa = PBXSourcesBuildPhase;
			buildActionMask = 2147483647;
			files = (
				C120CD5921CB80FB0080EC15 /* knConstraints.swift in Sources */,
				C120CD4F21CB80FB0080EC15 /* UIViewExtension.swift in Sources */,
				C10E3E4021D40C460012C0DE /* User.swift in Sources */,
				C120CD7821CB83F30080EC15 /* Login.UI.swift in Sources */,
				C193048721CC3EF100315ED3 /* Meals.UI.swift in Sources */,
				C120CD8D21CB874A0080EC15 /* WhisperView.swift in Sources */,
				C120CD4821CB80FB0080EC15 /* UITextFieldExtension.swift in Sources */,
				C193049021CCEC5700315ED3 /* FoodCell.swift in Sources */,
				C10E3E4221D40CBA0012C0DE /* GeneralHelper.swift in Sources */,
				C1458F7821D37E50000F63D5 /* Calories.swift in Sources */,
				C193050021D2253400315ED3 /* BarButtonBadge.swift in Sources */,
				C120CD4621CB80FB0080EC15 /* UISearchBarExtension.swift in Sources */,
				C1458F7221D34E13000F63D5 /* LogoutWorker.swift in Sources */,
				C120CD7C21CB84990080EC15 /* Colors.swift in Sources */,
				C193050221D2304B00315ED3 /* Checkout.swift in Sources */,
				C120CD7A21CB83F30080EC15 /* LoginWorker.swift in Sources */,
				C120CD4A21CB80FB0080EC15 /* IntExtension.swift in Sources */,
				C120CD4421CB80FB0080EC15 /* knGridView.swift in Sources */,
				C1458F7621D37CF0000F63D5 /* GetMyProfileWorker.swift in Sources */,
				C19304E121CF54CF00315ED3 /* Enums.swift in Sources */,
				C19304D321CECE8700315ED3 /* KMPlaceholderTextView.swift in Sources */,
				C120CD4521CB80FB0080EC15 /* UIColorExtension.swift in Sources */,
				C193048E21CCE86C00315ED3 /* AddMeal.swift in Sources */,
				C10E3E4421D41C400012C0DE /* GetAllUsersWorker.swift in Sources */,
				C19304FE21D20FE000315ED3 /* MealOptionView.UI.swift in Sources */,
				C193051321D31E3B00315ED3 /* CaloriesChecker.swift in Sources */,
				C120CD1621CB3D230080EC15 /* AppDelegate.swift in Sources */,
				C1458F7A21D37FBD000F63D5 /* UpdateCaloriesWorker.swift in Sources */,
				C120CD7921CB83F30080EC15 /* Login.Interactor.swift in Sources */,
				C120CD5A21CB80FB0080EC15 /* UIImageExtension.swift in Sources */,
				C193047121CB913D00315ED3 /* Register.Interactor.swift in Sources */,
				C193050B21D2CD2600315ED3 /* Meals.Interactor.swift in Sources */,
				C193046E21CB913D00315ED3 /* RegisterWorker.swift in Sources */,
				C193050F21D2D69500315ED3 /* GetUpcomingMealsWorker.swift in Sources */,
				C19304D821CED9E700315ED3 /* FoodDetail.UI.swift in Sources */,
				C19304C521CE1DEE00315ED3 /* MealOptionView.swift in Sources */,
				C120CD5721CB80FB0080EC15 /* DeviceType.swift in Sources */,
				C193046F21CB913D00315ED3 /* Register.UI.swift in Sources */,
				C120CD4D21CB80FB0080EC15 /* AppSetting.swift in Sources */,
				C19304F321D0ABE700315ED3 /* StateView.swift in Sources */,
				C193047021CB913D00315ED3 /* Register.swift in Sources */,
				C19304EF21D093BA00315ED3 /* GetFoodsWorker.swift in Sources */,
				C120CD4921CB80FB0080EC15 /* UIApplicationExtension.swift in Sources */,
				C120CD8C21CB874A0080EC15 /* WhisperFactory.swift in Sources */,
				C19304FC21D17AA300315ED3 /* AddMealWorker.swift in Sources */,
				C193051121D3171000315ED3 /* UpcomingMealsView.swift in Sources */,
				C120CD8321CB87200080EC15 /* CTMessage.swift in Sources */,
				C120CD5521CB80FB0080EC15 /* UIFontExtension.swift in Sources */,
				C193047D21CC226800315ED3 /* Meals.swift in Sources */,
				C1458F7C21D38211000F63D5 /* GetCaloriesWorker.swift in Sources */,
				C19304CB21CE23BF00315ED3 /* DateView.swift in Sources */,
				C193047521CB927500315ED3 /* TermLabel.swift in Sources */,
				C19304F821D0ADDD00315ED3 /* UIImage+Gif.swift in Sources */,
				C120CD5021CB80FB0080EC15 /* knController.swift in Sources */,
				C19304CA21CE23BF00315ED3 /* ShowTimePicker.swift in Sources */,
				C193050921D2CA5D00315ED3 /* GetPreviousMealsWorker.swift in Sources */,
				C19304DB21CF4C3B00315ED3 /* MealDetail.swift in Sources */,
				C120CD4C21CB80FB0080EC15 /* UIViewControllerExtension.swift in Sources */,
				C120CD7721CB83F30080EC15 /* Login.swift in Sources */,
				C193048B21CCD4B100315ED3 /* MealCell.swift in Sources */,
				C120CD4721CB80FB0080EC15 /* General.swift in Sources */,
				C193051821D33E5900315ED3 /* CheckoutEdit.swift in Sources */,
				C19304EB21D0326A00315ED3 /* UserProfile.UI.swift in Sources */,
				C193051A21D33EDC00315ED3 /* UpdateMealWorker.swift in Sources */,
				C193050D21D2D00200315ED3 /* GetFoodDetailWorker.swift in Sources */,
				C120CD5121CB80FB0080EC15 /* OtherExtensions.swift in Sources */,
				C193051621D3397100315ED3 /* EditMeal.swift in Sources */,
				C193047321CB91D500315ED3 /* PasswordValidation.swift in Sources */,
				C120CD4E21CB80FB0080EC15 /* knView.swift in Sources */,
				C19304F121D0988C00315ED3 /* AddMeal.Interactor.swift in Sources */,
				C19304DD21CF4C7000315ED3 /* MealDetail.UI.swift in Sources */,
				C19304E621D02D5800315ED3 /* UserCell.swift in Sources */,
				C19304D621CED9CD00315ED3 /* FoodDetail.swift in Sources */,
				C193050521D23FF900315ED3 /* Setting.swift in Sources */,
				C120CD4B21CB80FB0080EC15 /* StartPoint.swift in Sources */,
				C120CD8E21CB874A0080EC15 /* Message.swift in Sources */,
				C19304E321D02D2900315ED3 /* UserList.swift in Sources */,
				C193047A21CB9B2F00315ED3 /* Boss.swift in Sources */,
				C193048521CC3ECE00315ED3 /* Meal.swift in Sources */,
				C120CD4321CB80FB0080EC15 /* UIButtonExtension.swift in Sources */,
				C120CD5421CB80FB0080EC15 /* NavigationExtension.swift in Sources */,
				C120CD5B21CB80FB0080EC15 /* DateExtension.swift in Sources */,
				C19304DF21CF501D00315ED3 /* AteFoodCell.swift in Sources */,
				C1458F7E21D387BD000F63D5 /* SetUserRoleWorker.swift in Sources */,
				C193048321CC246B00315ED3 /* FAPaginationLayout.swift in Sources */,
				C120CD9121CB874A0080EC15 /* WhistleFactory.swift in Sources */,
				C120CD5221CB80FB0080EC15 /* knUIMaker.swift in Sources */,
				C120CD9021CB874A0080EC15 /* Config.swift in Sources */,
				C19304E921D0321D00315ED3 /* UserProfile.swift in Sources */,
				C120CD9221CB874A0080EC15 /* ShoutFactory.swift in Sources */,
				C193047721CB95E500315ED3 /* DataBucket.swift in Sources */,
				C120CD5821CB80FB0080EC15 /* ServiceConnector.swift in Sources */,
				C193050721D2407C00315ED3 /* Setting.UI.swift in Sources */,
				C120CD5621CB80FB0080EC15 /* StringExtension.swift in Sources */,
				C120CD5321CB80FB0080EC15 /* knListView.swift in Sources */,
				C120CD8F21CB874A0080EC15 /* Showing.swift in Sources */,
			);
			runOnlyForDeploymentPostprocessing = 0;
		};
/* End PBXSourcesBuildPhase section */

/* Begin PBXVariantGroup section */
		C120CD1E21CB3D240080EC15 /* LaunchScreen.storyboard */ = {
			isa = PBXVariantGroup;
			children = (
				C120CD1F21CB3D240080EC15 /* Base */,
			);
			name = LaunchScreen.storyboard;
			sourceTree = "<group>";
		};
/* End PBXVariantGroup section */

/* Begin XCBuildConfiguration section */
		C120CD2221CB3D240080EC15 /* Debug */ = {
			isa = XCBuildConfiguration;
			buildSettings = {
				ALWAYS_SEARCH_USER_PATHS = NO;
				CLANG_ANALYZER_NONNULL = YES;
				CLANG_ANALYZER_NUMBER_OBJECT_CONVERSION = YES_AGGRESSIVE;
				CLANG_CXX_LANGUAGE_STANDARD = "gnu++14";
				CLANG_CXX_LIBRARY = "libc++";
				CLANG_ENABLE_MODULES = YES;
				CLANG_ENABLE_OBJC_ARC = YES;
				CLANG_ENABLE_OBJC_WEAK = YES;
				CLANG_WARN_BLOCK_CAPTURE_AUTORELEASING = YES;
				CLANG_WARN_BOOL_CONVERSION = YES;
				CLANG_WARN_COMMA = YES;
				CLANG_WARN_CONSTANT_CONVERSION = YES;
				CLANG_WARN_DEPRECATED_OBJC_IMPLEMENTATIONS = YES;
				CLANG_WARN_DIRECT_OBJC_ISA_USAGE = YES_ERROR;
				CLANG_WARN_DOCUMENTATION_COMMENTS = YES;
				CLANG_WARN_EMPTY_BODY = YES;
				CLANG_WARN_ENUM_CONVERSION = YES;
				CLANG_WARN_INFINITE_RECURSION = YES;
				CLANG_WARN_INT_CONVERSION = YES;
				CLANG_WARN_NON_LITERAL_NULL_CONVERSION = YES;
				CLANG_WARN_OBJC_IMPLICIT_RETAIN_SELF = YES;
				CLANG_WARN_OBJC_LITERAL_CONVERSION = YES;
				CLANG_WARN_OBJC_ROOT_CLASS = YES_ERROR;
				CLANG_WARN_RANGE_LOOP_ANALYSIS = YES;
				CLANG_WARN_STRICT_PROTOTYPES = YES;
				CLANG_WARN_SUSPICIOUS_MOVE = YES;
				CLANG_WARN_UNGUARDED_AVAILABILITY = YES_AGGRESSIVE;
				CLANG_WARN_UNREACHABLE_CODE = YES;
				CLANG_WARN__DUPLICATE_METHOD_MATCH = YES;
				CODE_SIGN_IDENTITY = "iPhone Developer";
				COPY_PHASE_STRIP = NO;
				DEBUG_INFORMATION_FORMAT = dwarf;
				ENABLE_STRICT_OBJC_MSGSEND = YES;
				ENABLE_TESTABILITY = YES;
				GCC_C_LANGUAGE_STANDARD = gnu11;
				GCC_DYNAMIC_NO_PIC = NO;
				GCC_NO_COMMON_BLOCKS = YES;
				GCC_OPTIMIZATION_LEVEL = 0;
				GCC_PREPROCESSOR_DEFINITIONS = (
					"DEBUG=1",
					"$(inherited)",
				);
				GCC_WARN_64_TO_32_BIT_CONVERSION = YES;
				GCC_WARN_ABOUT_RETURN_TYPE = YES_ERROR;
				GCC_WARN_UNDECLARED_SELECTOR = YES;
				GCC_WARN_UNINITIALIZED_AUTOS = YES_AGGRESSIVE;
				GCC_WARN_UNUSED_FUNCTION = YES;
				GCC_WARN_UNUSED_VARIABLE = YES;
				IPHONEOS_DEPLOYMENT_TARGET = 12.1;
				MTL_ENABLE_DEBUG_INFO = INCLUDE_SOURCE;
				MTL_FAST_MATH = YES;
				ONLY_ACTIVE_ARCH = YES;
				SDKROOT = iphoneos;
				SWIFT_ACTIVE_COMPILATION_CONDITIONS = DEBUG;
				SWIFT_OPTIMIZATION_LEVEL = "-Onone";
			};
			name = Debug;
		};
		C120CD2321CB3D240080EC15 /* Release */ = {
			isa = XCBuildConfiguration;
			buildSettings = {
				ALWAYS_SEARCH_USER_PATHS = NO;
				CLANG_ANALYZER_NONNULL = YES;
				CLANG_ANALYZER_NUMBER_OBJECT_CONVERSION = YES_AGGRESSIVE;
				CLANG_CXX_LANGUAGE_STANDARD = "gnu++14";
				CLANG_CXX_LIBRARY = "libc++";
				CLANG_ENABLE_MODULES = YES;
				CLANG_ENABLE_OBJC_ARC = YES;
				CLANG_ENABLE_OBJC_WEAK = YES;
				CLANG_WARN_BLOCK_CAPTURE_AUTORELEASING = YES;
				CLANG_WARN_BOOL_CONVERSION = YES;
				CLANG_WARN_COMMA = YES;
				CLANG_WARN_CONSTANT_CONVERSION = YES;
				CLANG_WARN_DEPRECATED_OBJC_IMPLEMENTATIONS = YES;
				CLANG_WARN_DIRECT_OBJC_ISA_USAGE = YES_ERROR;
				CLANG_WARN_DOCUMENTATION_COMMENTS = YES;
				CLANG_WARN_EMPTY_BODY = YES;
				CLANG_WARN_ENUM_CONVERSION = YES;
				CLANG_WARN_INFINITE_RECURSION = YES;
				CLANG_WARN_INT_CONVERSION = YES;
				CLANG_WARN_NON_LITERAL_NULL_CONVERSION = YES;
				CLANG_WARN_OBJC_IMPLICIT_RETAIN_SELF = YES;
				CLANG_WARN_OBJC_LITERAL_CONVERSION = YES;
				CLANG_WARN_OBJC_ROOT_CLASS = YES_ERROR;
				CLANG_WARN_RANGE_LOOP_ANALYSIS = YES;
				CLANG_WARN_STRICT_PROTOTYPES = YES;
				CLANG_WARN_SUSPICIOUS_MOVE = YES;
				CLANG_WARN_UNGUARDED_AVAILABILITY = YES_AGGRESSIVE;
				CLANG_WARN_UNREACHABLE_CODE = YES;
				CLANG_WARN__DUPLICATE_METHOD_MATCH = YES;
				CODE_SIGN_IDENTITY = "iPhone Developer";
				COPY_PHASE_STRIP = NO;
				DEBUG_INFORMATION_FORMAT = "dwarf-with-dsym";
				ENABLE_NS_ASSERTIONS = NO;
				ENABLE_STRICT_OBJC_MSGSEND = YES;
				GCC_C_LANGUAGE_STANDARD = gnu11;
				GCC_NO_COMMON_BLOCKS = YES;
				GCC_WARN_64_TO_32_BIT_CONVERSION = YES;
				GCC_WARN_ABOUT_RETURN_TYPE = YES_ERROR;
				GCC_WARN_UNDECLARED_SELECTOR = YES;
				GCC_WARN_UNINITIALIZED_AUTOS = YES_AGGRESSIVE;
				GCC_WARN_UNUSED_FUNCTION = YES;
				GCC_WARN_UNUSED_VARIABLE = YES;
				IPHONEOS_DEPLOYMENT_TARGET = 12.1;
				MTL_ENABLE_DEBUG_INFO = NO;
				MTL_FAST_MATH = YES;
				SDKROOT = iphoneos;
				SWIFT_COMPILATION_MODE = wholemodule;
				SWIFT_OPTIMIZATION_LEVEL = "-O";
				VALIDATE_PRODUCT = YES;
			};
			name = Release;
		};
		C120CD2521CB3D240080EC15 /* Debug */ = {
			isa = XCBuildConfiguration;
			baseConfigurationReference = EE7D234AAD8C0C68B809DD8C /* Pods-CaloriesTracker.debug.xcconfig */;
			buildSettings = {
				ASSETCATALOG_COMPILER_APPICON_NAME = AppIcon;
				CODE_SIGN_STYLE = Automatic;
				DEVELOPMENT_TEAM = 67FN8R2DGD;
				INFOPLIST_FILE = "$(SRCROOT)/CaloriesTracker/configuration/Info.plist";
				LD_RUNPATH_SEARCH_PATHS = (
					"$(inherited)",
					"@executable_path/Frameworks",
				);
				PRODUCT_BUNDLE_IDENTIFIER = kn.caloriestracker;
				PRODUCT_NAME = "$(TARGET_NAME)";
				SWIFT_VERSION = 4.2;
				TARGETED_DEVICE_FAMILY = "1,2";
			};
			name = Debug;
		};
		C120CD2621CB3D240080EC15 /* Release */ = {
			isa = XCBuildConfiguration;
			baseConfigurationReference = 7FE98514BB423E26AFA8FB5A /* Pods-CaloriesTracker.release.xcconfig */;
			buildSettings = {
				ASSETCATALOG_COMPILER_APPICON_NAME = AppIcon;
				CODE_SIGN_STYLE = Automatic;
				DEVELOPMENT_TEAM = 67FN8R2DGD;
				INFOPLIST_FILE = "$(SRCROOT)/CaloriesTracker/configuration/Info.plist";
				LD_RUNPATH_SEARCH_PATHS = (
					"$(inherited)",
					"@executable_path/Frameworks",
				);
				PRODUCT_BUNDLE_IDENTIFIER = kn.caloriestracker;
				PRODUCT_NAME = "$(TARGET_NAME)";
				SWIFT_VERSION = 4.2;
				TARGETED_DEVICE_FAMILY = "1,2";
			};
			name = Release;
		};
/* End XCBuildConfiguration section */

/* Begin XCConfigurationList section */
		C120CD0D21CB3D230080EC15 /* Build configuration list for PBXProject "CaloriesTracker" */ = {
			isa = XCConfigurationList;
			buildConfigurations = (
				C120CD2221CB3D240080EC15 /* Debug */,
				C120CD2321CB3D240080EC15 /* Release */,
			);
			defaultConfigurationIsVisible = 0;
			defaultConfigurationName = Release;
		};
		C120CD2421CB3D240080EC15 /* Build configuration list for PBXNativeTarget "CaloriesTracker" */ = {
			isa = XCConfigurationList;
			buildConfigurations = (
				C120CD2521CB3D240080EC15 /* Debug */,
				C120CD2621CB3D240080EC15 /* Release */,
			);
			defaultConfigurationIsVisible = 0;
			defaultConfigurationName = Release;
		};
/* End XCConfigurationList section */
	};
	rootObject = C120CD0A21CB3D230080EC15 /* Project object */;
}
